
Microsoft Visual Studio Solution File, Format Version 12.00
# Visual Studio Version 17
VisualStudioVersion = 17.4.33122.133
MinimumVisualStudioVersion = 10.0.40219.1
Project("{9A19103F-16F7-4668-BE54-9A1E7A4F7556}") = "homeWork_1.2", "homeWork_1.2\homeWork_1.2.csproj", "{9C598C22-5D7D-42C7-A978-4BCE678ADDA7}"
EndProject
Project("{9A19103F-16F7-4668-BE54-9A1E7A4F7556}") = "homeWork_1.3.1", "homeWork_1.3.1\homeWork_1.3.1.csproj", "{644E1D84-2B53-42B1-B770-AE01FC9DF93A}"
EndProject
Project("{9A19103F-16F7-4668-BE54-9A1E7A4F7556}") = "homeWork_1.3.2", "homeWork_1.3.2\homeWork_1.3.2.csproj", "{9E0146AB-40A0-4D06-993D-5520A46C859F}"
EndProject
Project("{FAE04EC0-301F-11D3-BF4B-00C04F79EFBC}") = "homeWork_1.3.3", "homeWork_1.3.3\homeWork_1.3.3.csproj", "{E5EF45CB-4D00-4997-A549-49D4EF395B45}"
EndProject
Global
	GlobalSection(SolutionConfigurationPlatforms) = preSolution
		Debug|Any CPU = Debug|Any CPU
		Release|Any CPU = Release|Any CPU
	EndGlobalSection
	GlobalSection(ProjectConfigurationPlatforms) = postSolution
		{9C598C22-5D7D-42C7-A978-4BCE678ADDA7}.Debug|Any CPU.ActiveCfg = Debug|Any CPU
		{9C598C22-5D7D-42C7-A978-4BCE678ADDA7}.Debug|Any CPU.Build.0 = Debug|Any CPU
		{9C598C22-5D7D-42C7-A978-4BCE678ADDA7}.Release|Any CPU.ActiveCfg = Release|Any CPU
		{9C598C22-5D7D-42C7-A978-4BCE678ADDA7}.Release|Any CPU.Build.0 = Release|Any CPU
		{644E1D84-2B53-42B1-B770-AE01FC9DF93A}.Debug|Any CPU.ActiveCfg = Debug|Any CPU
		{644E1D84-2B53-42B1-B770-AE01FC9DF93A}.Debug|Any CPU.Build.0 = Debug|Any CPU
		{644E1D84-2B53-42B1-B770-AE01FC9DF93A}.Release|Any CPU.ActiveCfg = Release|Any CPU
		{644E1D84-2B53-42B1-B770-AE01FC9DF93A}.Release|Any CPU.Build.0 = Release|Any CPU
		{9E0146AB-40A0-4D06-993D-5520A46C859F}.Debug|Any CPU.ActiveCfg = Debug|Any CPU
		{9E0146AB-40A0-4D06-993D-5520A46C859F}.Debug|Any CPU.Build.0 = Debug|Any CPU
		{9E0146AB-40A0-4D06-993D-5520A46C859F}.Release|Any CPU.ActiveCfg = Release|Any CPU
		{9E0146AB-40A0-4D06-993D-5520A46C859F}.Release|Any CPU.Build.0 = Release|Any CPU
		{E5EF45CB-4D00-4997-A549-49D4EF395B45}.Debug|Any CPU.ActiveCfg = Debug|Any CPU
		{E5EF45CB-4D00-4997-A549-49D4EF395B45}.Debug|Any CPU.Build.0 = Debug|Any CPU
		{E5EF45CB-4D00-4997-A549-49D4EF395B45}.Release|Any CPU.ActiveCfg = Release|Any CPU
		{E5EF45CB-4D00-4997-A549-49D4EF395B45}.Release|Any CPU.Build.0 = Release|Any CPU
	EndGlobalSection
	GlobalSection(SolutionProperties) = preSolution
		HideSolutionNode = FALSE
	EndGlobalSection
	GlobalSection(ExtensibilityGlobals) = postSolution
		SolutionGuid = {C1E657EF-3A15-4169-9081-74D3C26FAFE8}
	EndGlobalSection
EndGlobal
